// !$*UTF8*$!
{
	archiveVersion = 1;
	classes = {
	};
	objectVersion = 51;
	objects = {

/* Begin PBXBuildFile section */
<<<<<<< HEAD
		0B1C9772241DDE210042FB01 /* GameManagerTests.swift in Sources */ = {isa = PBXBuildFile; fileRef = 0B1C9771241DDE210042FB01 /* GameManagerTests.swift */; };
=======
>>>>>>> master
		0B385B69241CBCFB00FC2850 /* PackageTests.swift in Sources */ = {isa = PBXBuildFile; fileRef = 0B385B68241CBCFB00FC2850 /* PackageTests.swift */; };
		0B385B6D241CC9DE00FC2850 /* BookTests.swift in Sources */ = {isa = PBXBuildFile; fileRef = 0B385B6C241CC9DE00FC2850 /* BookTests.swift */; };
		0B385B6F241CCACE00FC2850 /* Magazine.swift in Sources */ = {isa = PBXBuildFile; fileRef = 0B385B6E241CCACE00FC2850 /* Magazine.swift */; };
		0B385B77241CCFF000FC2850 /* Item.swift in Sources */ = {isa = PBXBuildFile; fileRef = 0B385B76241CCFF000FC2850 /* Item.swift */; };
		0B385B81241CDCC300FC2850 /* MagazineTests.swift in Sources */ = {isa = PBXBuildFile; fileRef = 0B385B80241CDCC300FC2850 /* MagazineTests.swift */; };
		0B385B83241CDDD800FC2850 /* TitledItem.swift in Sources */ = {isa = PBXBuildFile; fileRef = 0B385B82241CDDD800FC2850 /* TitledItem.swift */; };
		0B385B85241CE00400FC2850 /* OrderTests.swift in Sources */ = {isa = PBXBuildFile; fileRef = 0B385B84241CE00400FC2850 /* OrderTests.swift */; };
		0B385B87241CE22D00FC2850 /* HouseTests.swift in Sources */ = {isa = PBXBuildFile; fileRef = 0B385B86241CE22D00FC2850 /* HouseTests.swift */; };
		0B797154241C89FC007DD433 /* Book.swift in Sources */ = {isa = PBXBuildFile; fileRef = 0B797153241C89FC007DD433 /* Book.swift */; };
		0B797156241C8BC5007DD433 /* Order.swift in Sources */ = {isa = PBXBuildFile; fileRef = 0B797155241C8BC5007DD433 /* Order.swift */; };
<<<<<<< HEAD
		0B79715A241C9065007DD433 /* GameManager.swift in Sources */ = {isa = PBXBuildFile; fileRef = 0B797159241C9065007DD433 /* GameManager.swift */; };
=======
		0B79715A241C9065007DD433 /* Game.swift in Sources */ = {isa = PBXBuildFile; fileRef = 0B797159241C9065007DD433 /* Game.swift */; };
>>>>>>> master
		0B79715C241C92DC007DD433 /* House.swift in Sources */ = {isa = PBXBuildFile; fileRef = 0B79715B241C92DC007DD433 /* House.swift */; };
		0B79715E241CADC9007DD433 /* Category.swift in Sources */ = {isa = PBXBuildFile; fileRef = 0B79715D241CADC8007DD433 /* Category.swift */; };
		5276658A1D503C3522811721 /* Pods_Relentless_RelentlessUITests.framework in Frameworks */ = {isa = PBXBuildFile; fileRef = E736D195705A4F0F166AD251 /* Pods_Relentless_RelentlessUITests.framework */; };
		6CFE1C67B5BED22E28204AD1 /* Pods_RelentlessTests.framework in Frameworks */ = {isa = PBXBuildFile; fileRef = 4DB31F7DBC398D2664758AF2 /* Pods_RelentlessTests.framework */; };
		70AA53FB533241D53F7E9C58 /* Pods_Relentless.framework in Frameworks */ = {isa = PBXBuildFile; fileRef = D590E4100879906E5F03DB47 /* Pods_Relentless.framework */; };
		F319B32B241B7A44005E3129 /* Network.swift in Sources */ = {isa = PBXBuildFile; fileRef = F319B32A241B7A44005E3129 /* Network.swift */; };
		F319B32F241B7D0C005E3129 /* Package.swift in Sources */ = {isa = PBXBuildFile; fileRef = F319B32E241B7D0C005E3129 /* Package.swift */; };
		F319B331241B7D5C005E3129 /* Player.swift in Sources */ = {isa = PBXBuildFile; fileRef = F319B330241B7D5C005E3129 /* Player.swift */; };
		F319B333241B8195005E3129 /* NetworkManager.swift in Sources */ = {isa = PBXBuildFile; fileRef = F319B332241B8195005E3129 /* NetworkManager.swift */; };
		F319B335241B8B7D005E3129 /* NetworkTests.swift in Sources */ = {isa = PBXBuildFile; fileRef = F319B334241B8B7D005E3129 /* NetworkTests.swift */; };
		F3C37BFA24189F5200D7109B /* AppDelegate.swift in Sources */ = {isa = PBXBuildFile; fileRef = F3C37BF924189F5200D7109B /* AppDelegate.swift */; };
		F3C37BFC24189F5200D7109B /* SceneDelegate.swift in Sources */ = {isa = PBXBuildFile; fileRef = F3C37BFB24189F5200D7109B /* SceneDelegate.swift */; };
		F3C37BFE24189F5200D7109B /* ViewController.swift in Sources */ = {isa = PBXBuildFile; fileRef = F3C37BFD24189F5200D7109B /* ViewController.swift */; };
		F3C37C0124189F5200D7109B /* Main.storyboard in Resources */ = {isa = PBXBuildFile; fileRef = F3C37BFF24189F5200D7109B /* Main.storyboard */; };
		F3C37C0324189F5500D7109B /* Assets.xcassets in Resources */ = {isa = PBXBuildFile; fileRef = F3C37C0224189F5500D7109B /* Assets.xcassets */; };
		F3C37C0624189F5500D7109B /* LaunchScreen.storyboard in Resources */ = {isa = PBXBuildFile; fileRef = F3C37C0424189F5500D7109B /* LaunchScreen.storyboard */; };
		F3C37C1124189F5500D7109B /* RelentlessTests.swift in Sources */ = {isa = PBXBuildFile; fileRef = F3C37C1024189F5500D7109B /* RelentlessTests.swift */; };
		F3C37C1C24189F5500D7109B /* RelentlessUITests.swift in Sources */ = {isa = PBXBuildFile; fileRef = F3C37C1B24189F5500D7109B /* RelentlessUITests.swift */; };
		F3C37C2A2418A83100D7109B /* GoogleService-Info.plist in Resources */ = {isa = PBXBuildFile; fileRef = F3C37C292418A83100D7109B /* GoogleService-Info.plist */; };
		F3C37C2B2418A83100D7109B /* GoogleService-Info.plist in Resources */ = {isa = PBXBuildFile; fileRef = F3C37C292418A83100D7109B /* GoogleService-Info.plist */; };
		F3C37C2C2418A83100D7109B /* GoogleService-Info.plist in Resources */ = {isa = PBXBuildFile; fileRef = F3C37C292418A83100D7109B /* GoogleService-Info.plist */; };
/* End PBXBuildFile section */

/* Begin PBXContainerItemProxy section */
		F3C37C0D24189F5500D7109B /* PBXContainerItemProxy */ = {
			isa = PBXContainerItemProxy;
			containerPortal = F3C37BEE24189F5200D7109B /* Project object */;
			proxyType = 1;
			remoteGlobalIDString = F3C37BF524189F5200D7109B;
			remoteInfo = Relentless;
		};
		F3C37C1824189F5500D7109B /* PBXContainerItemProxy */ = {
			isa = PBXContainerItemProxy;
			containerPortal = F3C37BEE24189F5200D7109B /* Project object */;
			proxyType = 1;
			remoteGlobalIDString = F3C37BF524189F5200D7109B;
			remoteInfo = Relentless;
		};
/* End PBXContainerItemProxy section */

/* Begin PBXFileReference section */
		084C0B3AEBB321432A953940 /* Pods-RelentlessTests.debug.xcconfig */ = {isa = PBXFileReference; includeInIndex = 1; lastKnownFileType = text.xcconfig; name = "Pods-RelentlessTests.debug.xcconfig"; path = "Target Support Files/Pods-RelentlessTests/Pods-RelentlessTests.debug.xcconfig"; sourceTree = "<group>"; };
<<<<<<< HEAD
		0B1C9771241DDE210042FB01 /* GameManagerTests.swift */ = {isa = PBXFileReference; lastKnownFileType = sourcecode.swift; path = GameManagerTests.swift; sourceTree = "<group>"; };
=======
>>>>>>> master
		0B385B68241CBCFB00FC2850 /* PackageTests.swift */ = {isa = PBXFileReference; lastKnownFileType = sourcecode.swift; path = PackageTests.swift; sourceTree = "<group>"; };
		0B385B6C241CC9DE00FC2850 /* BookTests.swift */ = {isa = PBXFileReference; lastKnownFileType = sourcecode.swift; path = BookTests.swift; sourceTree = "<group>"; };
		0B385B6E241CCACE00FC2850 /* Magazine.swift */ = {isa = PBXFileReference; lastKnownFileType = sourcecode.swift; path = Magazine.swift; sourceTree = "<group>"; };
		0B385B76241CCFF000FC2850 /* Item.swift */ = {isa = PBXFileReference; lastKnownFileType = sourcecode.swift; path = Item.swift; sourceTree = "<group>"; };
		0B385B80241CDCC300FC2850 /* MagazineTests.swift */ = {isa = PBXFileReference; lastKnownFileType = sourcecode.swift; path = MagazineTests.swift; sourceTree = "<group>"; };
		0B385B82241CDDD800FC2850 /* TitledItem.swift */ = {isa = PBXFileReference; lastKnownFileType = sourcecode.swift; path = TitledItem.swift; sourceTree = "<group>"; };
		0B385B84241CE00400FC2850 /* OrderTests.swift */ = {isa = PBXFileReference; lastKnownFileType = sourcecode.swift; path = OrderTests.swift; sourceTree = "<group>"; };
		0B385B86241CE22D00FC2850 /* HouseTests.swift */ = {isa = PBXFileReference; lastKnownFileType = sourcecode.swift; path = HouseTests.swift; sourceTree = "<group>"; };
		0B797153241C89FC007DD433 /* Book.swift */ = {isa = PBXFileReference; lastKnownFileType = sourcecode.swift; path = Book.swift; sourceTree = "<group>"; };
		0B797155241C8BC5007DD433 /* Order.swift */ = {isa = PBXFileReference; lastKnownFileType = sourcecode.swift; path = Order.swift; sourceTree = "<group>"; };
<<<<<<< HEAD
		0B797159241C9065007DD433 /* GameManager.swift */ = {isa = PBXFileReference; lastKnownFileType = sourcecode.swift; path = GameManager.swift; sourceTree = "<group>"; };
=======
		0B797159241C9065007DD433 /* Game.swift */ = {isa = PBXFileReference; lastKnownFileType = sourcecode.swift; path = Game.swift; sourceTree = "<group>"; };
>>>>>>> master
		0B79715B241C92DC007DD433 /* House.swift */ = {isa = PBXFileReference; lastKnownFileType = sourcecode.swift; path = House.swift; sourceTree = "<group>"; };
		0B79715D241CADC8007DD433 /* Category.swift */ = {isa = PBXFileReference; lastKnownFileType = sourcecode.swift; path = Category.swift; sourceTree = "<group>"; };
		0F0E3076A12799C79C747669 /* Pods-Relentless-RelentlessUITests.release.xcconfig */ = {isa = PBXFileReference; includeInIndex = 1; lastKnownFileType = text.xcconfig; name = "Pods-Relentless-RelentlessUITests.release.xcconfig"; path = "Target Support Files/Pods-Relentless-RelentlessUITests/Pods-Relentless-RelentlessUITests.release.xcconfig"; sourceTree = "<group>"; };
		4DB31F7DBC398D2664758AF2 /* Pods_RelentlessTests.framework */ = {isa = PBXFileReference; explicitFileType = wrapper.framework; includeInIndex = 0; path = Pods_RelentlessTests.framework; sourceTree = BUILT_PRODUCTS_DIR; };
		5EDEC545134B6D77EA348438 /* Pods-RelentlessTests.release.xcconfig */ = {isa = PBXFileReference; includeInIndex = 1; lastKnownFileType = text.xcconfig; name = "Pods-RelentlessTests.release.xcconfig"; path = "Target Support Files/Pods-RelentlessTests/Pods-RelentlessTests.release.xcconfig"; sourceTree = "<group>"; };
		85ED228C9FDA1C9363B1DEAF /* Pods-Relentless.debug.xcconfig */ = {isa = PBXFileReference; includeInIndex = 1; lastKnownFileType = text.xcconfig; name = "Pods-Relentless.debug.xcconfig"; path = "Target Support Files/Pods-Relentless/Pods-Relentless.debug.xcconfig"; sourceTree = "<group>"; };
		C439830683AC6A1B549FABBB /* Pods-Relentless-RelentlessUITests.debug.xcconfig */ = {isa = PBXFileReference; includeInIndex = 1; lastKnownFileType = text.xcconfig; name = "Pods-Relentless-RelentlessUITests.debug.xcconfig"; path = "Target Support Files/Pods-Relentless-RelentlessUITests/Pods-Relentless-RelentlessUITests.debug.xcconfig"; sourceTree = "<group>"; };
		D590E4100879906E5F03DB47 /* Pods_Relentless.framework */ = {isa = PBXFileReference; explicitFileType = wrapper.framework; includeInIndex = 0; path = Pods_Relentless.framework; sourceTree = BUILT_PRODUCTS_DIR; };
		E736D195705A4F0F166AD251 /* Pods_Relentless_RelentlessUITests.framework */ = {isa = PBXFileReference; explicitFileType = wrapper.framework; includeInIndex = 0; path = Pods_Relentless_RelentlessUITests.framework; sourceTree = BUILT_PRODUCTS_DIR; };
		E9A5907C96A76629A05770D5 /* Pods-Relentless.release.xcconfig */ = {isa = PBXFileReference; includeInIndex = 1; lastKnownFileType = text.xcconfig; name = "Pods-Relentless.release.xcconfig"; path = "Target Support Files/Pods-Relentless/Pods-Relentless.release.xcconfig"; sourceTree = "<group>"; };
		F319B32A241B7A44005E3129 /* Network.swift */ = {isa = PBXFileReference; lastKnownFileType = sourcecode.swift; path = Network.swift; sourceTree = "<group>"; };
		F319B32E241B7D0C005E3129 /* Package.swift */ = {isa = PBXFileReference; lastKnownFileType = sourcecode.swift; path = Package.swift; sourceTree = "<group>"; };
		F319B330241B7D5C005E3129 /* Player.swift */ = {isa = PBXFileReference; lastKnownFileType = sourcecode.swift; path = Player.swift; sourceTree = "<group>"; };
		F319B332241B8195005E3129 /* NetworkManager.swift */ = {isa = PBXFileReference; lastKnownFileType = sourcecode.swift; path = NetworkManager.swift; sourceTree = "<group>"; };
		F319B334241B8B7D005E3129 /* NetworkTests.swift */ = {isa = PBXFileReference; lastKnownFileType = sourcecode.swift; path = NetworkTests.swift; sourceTree = "<group>"; };
		F3C37BF624189F5200D7109B /* Relentless.app */ = {isa = PBXFileReference; explicitFileType = wrapper.application; includeInIndex = 0; path = Relentless.app; sourceTree = BUILT_PRODUCTS_DIR; };
		F3C37BF924189F5200D7109B /* AppDelegate.swift */ = {isa = PBXFileReference; lastKnownFileType = sourcecode.swift; path = AppDelegate.swift; sourceTree = "<group>"; };
		F3C37BFB24189F5200D7109B /* SceneDelegate.swift */ = {isa = PBXFileReference; lastKnownFileType = sourcecode.swift; path = SceneDelegate.swift; sourceTree = "<group>"; };
		F3C37BFD24189F5200D7109B /* ViewController.swift */ = {isa = PBXFileReference; lastKnownFileType = sourcecode.swift; path = ViewController.swift; sourceTree = "<group>"; };
		F3C37C0024189F5200D7109B /* Base */ = {isa = PBXFileReference; lastKnownFileType = file.storyboard; name = Base; path = Base.lproj/Main.storyboard; sourceTree = "<group>"; };
		F3C37C0224189F5500D7109B /* Assets.xcassets */ = {isa = PBXFileReference; lastKnownFileType = folder.assetcatalog; path = Assets.xcassets; sourceTree = "<group>"; };
		F3C37C0524189F5500D7109B /* Base */ = {isa = PBXFileReference; lastKnownFileType = file.storyboard; name = Base; path = Base.lproj/LaunchScreen.storyboard; sourceTree = "<group>"; };
		F3C37C0724189F5500D7109B /* Info.plist */ = {isa = PBXFileReference; lastKnownFileType = text.plist.xml; path = Info.plist; sourceTree = "<group>"; };
		F3C37C0C24189F5500D7109B /* RelentlessTests.xctest */ = {isa = PBXFileReference; explicitFileType = wrapper.cfbundle; includeInIndex = 0; path = RelentlessTests.xctest; sourceTree = BUILT_PRODUCTS_DIR; };
		F3C37C1024189F5500D7109B /* RelentlessTests.swift */ = {isa = PBXFileReference; lastKnownFileType = sourcecode.swift; path = RelentlessTests.swift; sourceTree = "<group>"; };
		F3C37C1224189F5500D7109B /* Info.plist */ = {isa = PBXFileReference; lastKnownFileType = text.plist.xml; path = Info.plist; sourceTree = "<group>"; };
		F3C37C1724189F5500D7109B /* RelentlessUITests.xctest */ = {isa = PBXFileReference; explicitFileType = wrapper.cfbundle; includeInIndex = 0; path = RelentlessUITests.xctest; sourceTree = BUILT_PRODUCTS_DIR; };
		F3C37C1B24189F5500D7109B /* RelentlessUITests.swift */ = {isa = PBXFileReference; lastKnownFileType = sourcecode.swift; path = RelentlessUITests.swift; sourceTree = "<group>"; };
		F3C37C1D24189F5500D7109B /* Info.plist */ = {isa = PBXFileReference; lastKnownFileType = text.plist.xml; path = Info.plist; sourceTree = "<group>"; };
		F3C37C292418A83100D7109B /* GoogleService-Info.plist */ = {isa = PBXFileReference; fileEncoding = 4; lastKnownFileType = text.plist.xml; path = "GoogleService-Info.plist"; sourceTree = "<group>"; };
/* End PBXFileReference section */

/* Begin PBXFrameworksBuildPhase section */
		F3C37BF324189F5200D7109B /* Frameworks */ = {
			isa = PBXFrameworksBuildPhase;
			buildActionMask = 2147483647;
			files = (
				70AA53FB533241D53F7E9C58 /* Pods_Relentless.framework in Frameworks */,
			);
			runOnlyForDeploymentPostprocessing = 0;
		};
		F3C37C0924189F5500D7109B /* Frameworks */ = {
			isa = PBXFrameworksBuildPhase;
			buildActionMask = 2147483647;
			files = (
				6CFE1C67B5BED22E28204AD1 /* Pods_RelentlessTests.framework in Frameworks */,
			);
			runOnlyForDeploymentPostprocessing = 0;
		};
		F3C37C1424189F5500D7109B /* Frameworks */ = {
			isa = PBXFrameworksBuildPhase;
			buildActionMask = 2147483647;
			files = (
				5276658A1D503C3522811721 /* Pods_Relentless_RelentlessUITests.framework in Frameworks */,
			);
			runOnlyForDeploymentPostprocessing = 0;
		};
/* End PBXFrameworksBuildPhase section */

/* Begin PBXGroup section */
		3E65A8001F62CDDCB474AA1D /* Frameworks */ = {
			isa = PBXGroup;
			children = (
				D590E4100879906E5F03DB47 /* Pods_Relentless.framework */,
				E736D195705A4F0F166AD251 /* Pods_Relentless_RelentlessUITests.framework */,
				4DB31F7DBC398D2664758AF2 /* Pods_RelentlessTests.framework */,
			);
			name = Frameworks;
			sourceTree = "<group>";
		};
		6383A7D15720B53CEB18BFF7 /* Pods */ = {
			isa = PBXGroup;
			children = (
				85ED228C9FDA1C9363B1DEAF /* Pods-Relentless.debug.xcconfig */,
				E9A5907C96A76629A05770D5 /* Pods-Relentless.release.xcconfig */,
				C439830683AC6A1B549FABBB /* Pods-Relentless-RelentlessUITests.debug.xcconfig */,
				0F0E3076A12799C79C747669 /* Pods-Relentless-RelentlessUITests.release.xcconfig */,
				084C0B3AEBB321432A953940 /* Pods-RelentlessTests.debug.xcconfig */,
				5EDEC545134B6D77EA348438 /* Pods-RelentlessTests.release.xcconfig */,
			);
			path = Pods;
			sourceTree = "<group>";
		};
		F319B325241B79DC005E3129 /* Network */ = {
			isa = PBXGroup;
			children = (
				F319B32A241B7A44005E3129 /* Network.swift */,
				F319B332241B8195005E3129 /* NetworkManager.swift */,
			);
			path = Network;
			sourceTree = "<group>";
		};
		F319B32D241B7AEB005E3129 /* Model */ = {
			isa = PBXGroup;
			children = (
				F319B32E241B7D0C005E3129 /* Package.swift */,
				0B797155241C8BC5007DD433 /* Order.swift */,
<<<<<<< HEAD
				0B797159241C9065007DD433 /* GameManager.swift */,
=======
				0B797159241C9065007DD433 /* Game.swift */,
>>>>>>> master
				0B79715B241C92DC007DD433 /* House.swift */,
				F319B330241B7D5C005E3129 /* Player.swift */,
				0B385B76241CCFF000FC2850 /* Item.swift */,
				0B79715D241CADC8007DD433 /* Category.swift */,
				0B385B82241CDDD800FC2850 /* TitledItem.swift */,
				0B797153241C89FC007DD433 /* Book.swift */,
				0B385B6E241CCACE00FC2850 /* Magazine.swift */,
			);
			path = Model;
			sourceTree = "<group>";
		};
		F3C37BED24189F5200D7109B = {
			isa = PBXGroup;
			children = (
				F3C37C292418A83100D7109B /* GoogleService-Info.plist */,
				F3C37BF824189F5200D7109B /* Relentless */,
				F3C37C0F24189F5500D7109B /* RelentlessTests */,
				F3C37C1A24189F5500D7109B /* RelentlessUITests */,
				F3C37BF724189F5200D7109B /* Products */,
				6383A7D15720B53CEB18BFF7 /* Pods */,
				3E65A8001F62CDDCB474AA1D /* Frameworks */,
			);
			sourceTree = "<group>";
		};
		F3C37BF724189F5200D7109B /* Products */ = {
			isa = PBXGroup;
			children = (
				F3C37BF624189F5200D7109B /* Relentless.app */,
				F3C37C0C24189F5500D7109B /* RelentlessTests.xctest */,
				F3C37C1724189F5500D7109B /* RelentlessUITests.xctest */,
			);
			name = Products;
			sourceTree = "<group>";
		};
		F3C37BF824189F5200D7109B /* Relentless */ = {
			isa = PBXGroup;
			children = (
				F319B32D241B7AEB005E3129 /* Model */,
				F319B325241B79DC005E3129 /* Network */,
				F3C37BF924189F5200D7109B /* AppDelegate.swift */,
				F3C37BFB24189F5200D7109B /* SceneDelegate.swift */,
				F3C37BFD24189F5200D7109B /* ViewController.swift */,
				F3C37BFF24189F5200D7109B /* Main.storyboard */,
				F3C37C0224189F5500D7109B /* Assets.xcassets */,
				F3C37C0424189F5500D7109B /* LaunchScreen.storyboard */,
				F3C37C0724189F5500D7109B /* Info.plist */,
			);
			path = Relentless;
			sourceTree = "<group>";
		};
		F3C37C0F24189F5500D7109B /* RelentlessTests */ = {
			isa = PBXGroup;
			children = (
				F319B334241B8B7D005E3129 /* NetworkTests.swift */,
				F3C37C1024189F5500D7109B /* RelentlessTests.swift */,
				F3C37C1224189F5500D7109B /* Info.plist */,
				0B385B68241CBCFB00FC2850 /* PackageTests.swift */,
				0B385B6C241CC9DE00FC2850 /* BookTests.swift */,
				0B385B84241CE00400FC2850 /* OrderTests.swift */,
				0B385B80241CDCC300FC2850 /* MagazineTests.swift */,
				0B385B86241CE22D00FC2850 /* HouseTests.swift */,
<<<<<<< HEAD
				0B1C9771241DDE210042FB01 /* GameManagerTests.swift */,
=======
>>>>>>> master
			);
			path = RelentlessTests;
			sourceTree = "<group>";
		};
		F3C37C1A24189F5500D7109B /* RelentlessUITests */ = {
			isa = PBXGroup;
			children = (
				F3C37C1B24189F5500D7109B /* RelentlessUITests.swift */,
				F3C37C1D24189F5500D7109B /* Info.plist */,
			);
			path = RelentlessUITests;
			sourceTree = "<group>";
		};
/* End PBXGroup section */

/* Begin PBXNativeTarget section */
		F3C37BF524189F5200D7109B /* Relentless */ = {
			isa = PBXNativeTarget;
			buildConfigurationList = F3C37C2024189F5500D7109B /* Build configuration list for PBXNativeTarget "Relentless" */;
			buildPhases = (
				E28346A68D4A81C5D9369CA6 /* [CP] Check Pods Manifest.lock */,
				F3C37BF224189F5200D7109B /* Sources */,
				F3C37BF324189F5200D7109B /* Frameworks */,
				F3C37BF424189F5200D7109B /* Resources */,
				E128D0428DD181FAC3B5F25D /* [CP] Embed Pods Frameworks */,
				F319B32C241B7A78005E3129 /* ShellScript */,
			);
			buildRules = (
			);
			dependencies = (
			);
			name = Relentless;
			productName = Relentless;
			productReference = F3C37BF624189F5200D7109B /* Relentless.app */;
			productType = "com.apple.product-type.application";
		};
		F3C37C0B24189F5500D7109B /* RelentlessTests */ = {
			isa = PBXNativeTarget;
			buildConfigurationList = F3C37C2324189F5500D7109B /* Build configuration list for PBXNativeTarget "RelentlessTests" */;
			buildPhases = (
				8465407CC4BB4256A4C06112 /* [CP] Check Pods Manifest.lock */,
				F3C37C0824189F5500D7109B /* Sources */,
				F3C37C0924189F5500D7109B /* Frameworks */,
				F3C37C0A24189F5500D7109B /* Resources */,
			);
			buildRules = (
			);
			dependencies = (
				F3C37C0E24189F5500D7109B /* PBXTargetDependency */,
			);
			name = RelentlessTests;
			productName = RelentlessTests;
			productReference = F3C37C0C24189F5500D7109B /* RelentlessTests.xctest */;
			productType = "com.apple.product-type.bundle.unit-test";
		};
		F3C37C1624189F5500D7109B /* RelentlessUITests */ = {
			isa = PBXNativeTarget;
			buildConfigurationList = F3C37C2624189F5500D7109B /* Build configuration list for PBXNativeTarget "RelentlessUITests" */;
			buildPhases = (
				C57B123212B29BE330CEF3A2 /* [CP] Check Pods Manifest.lock */,
				F3C37C1324189F5500D7109B /* Sources */,
				F3C37C1424189F5500D7109B /* Frameworks */,
				F3C37C1524189F5500D7109B /* Resources */,
				8C962092BF41ABBB3A9CC027 /* [CP] Embed Pods Frameworks */,
			);
			buildRules = (
			);
			dependencies = (
				F3C37C1924189F5500D7109B /* PBXTargetDependency */,
			);
			name = RelentlessUITests;
			productName = RelentlessUITests;
			productReference = F3C37C1724189F5500D7109B /* RelentlessUITests.xctest */;
			productType = "com.apple.product-type.bundle.ui-testing";
		};
/* End PBXNativeTarget section */

/* Begin PBXProject section */
		F3C37BEE24189F5200D7109B /* Project object */ = {
			isa = PBXProject;
			attributes = {
				LastSwiftUpdateCheck = 1130;
				LastUpgradeCheck = 1130;
				ORGANIZATIONNAME = OurNameIs;
				TargetAttributes = {
					F3C37BF524189F5200D7109B = {
						CreatedOnToolsVersion = 11.3.1;
					};
					F3C37C0B24189F5500D7109B = {
						CreatedOnToolsVersion = 11.3.1;
						TestTargetID = F3C37BF524189F5200D7109B;
					};
					F3C37C1624189F5500D7109B = {
						CreatedOnToolsVersion = 11.3.1;
						TestTargetID = F3C37BF524189F5200D7109B;
					};
				};
			};
			buildConfigurationList = F3C37BF124189F5200D7109B /* Build configuration list for PBXProject "Relentless" */;
			compatibilityVersion = "Xcode 9.3";
			developmentRegion = en;
			hasScannedForEncodings = 0;
			knownRegions = (
				en,
				Base,
			);
			mainGroup = F3C37BED24189F5200D7109B;
			productRefGroup = F3C37BF724189F5200D7109B /* Products */;
			projectDirPath = "";
			projectRoot = "";
			targets = (
				F3C37BF524189F5200D7109B /* Relentless */,
				F3C37C0B24189F5500D7109B /* RelentlessTests */,
				F3C37C1624189F5500D7109B /* RelentlessUITests */,
			);
		};
/* End PBXProject section */

/* Begin PBXResourcesBuildPhase section */
		F3C37BF424189F5200D7109B /* Resources */ = {
			isa = PBXResourcesBuildPhase;
			buildActionMask = 2147483647;
			files = (
				F3C37C0624189F5500D7109B /* LaunchScreen.storyboard in Resources */,
				F3C37C2A2418A83100D7109B /* GoogleService-Info.plist in Resources */,
				F3C37C0324189F5500D7109B /* Assets.xcassets in Resources */,
				F3C37C0124189F5200D7109B /* Main.storyboard in Resources */,
			);
			runOnlyForDeploymentPostprocessing = 0;
		};
		F3C37C0A24189F5500D7109B /* Resources */ = {
			isa = PBXResourcesBuildPhase;
			buildActionMask = 2147483647;
			files = (
				F3C37C2B2418A83100D7109B /* GoogleService-Info.plist in Resources */,
			);
			runOnlyForDeploymentPostprocessing = 0;
		};
		F3C37C1524189F5500D7109B /* Resources */ = {
			isa = PBXResourcesBuildPhase;
			buildActionMask = 2147483647;
			files = (
				F3C37C2C2418A83100D7109B /* GoogleService-Info.plist in Resources */,
			);
			runOnlyForDeploymentPostprocessing = 0;
		};
/* End PBXResourcesBuildPhase section */

/* Begin PBXShellScriptBuildPhase section */
		8465407CC4BB4256A4C06112 /* [CP] Check Pods Manifest.lock */ = {
			isa = PBXShellScriptBuildPhase;
			buildActionMask = 2147483647;
			files = (
			);
			inputFileListPaths = (
			);
			inputPaths = (
				"${PODS_PODFILE_DIR_PATH}/Podfile.lock",
				"${PODS_ROOT}/Manifest.lock",
			);
			name = "[CP] Check Pods Manifest.lock";
			outputFileListPaths = (
			);
			outputPaths = (
				"$(DERIVED_FILE_DIR)/Pods-RelentlessTests-checkManifestLockResult.txt",
			);
			runOnlyForDeploymentPostprocessing = 0;
			shellPath = /bin/sh;
			shellScript = "diff \"${PODS_PODFILE_DIR_PATH}/Podfile.lock\" \"${PODS_ROOT}/Manifest.lock\" > /dev/null\nif [ $? != 0 ] ; then\n    # print error to STDERR\n    echo \"error: The sandbox is not in sync with the Podfile.lock. Run 'pod install' or update your CocoaPods installation.\" >&2\n    exit 1\nfi\n# This output is used by Xcode 'outputs' to avoid re-running this script phase.\necho \"SUCCESS\" > \"${SCRIPT_OUTPUT_FILE_0}\"\n";
			showEnvVarsInLog = 0;
		};
		8C962092BF41ABBB3A9CC027 /* [CP] Embed Pods Frameworks */ = {
			isa = PBXShellScriptBuildPhase;
			buildActionMask = 2147483647;
			files = (
			);
			inputFileListPaths = (
				"${PODS_ROOT}/Target Support Files/Pods-Relentless-RelentlessUITests/Pods-Relentless-RelentlessUITests-frameworks-${CONFIGURATION}-input-files.xcfilelist",
			);
			name = "[CP] Embed Pods Frameworks";
			outputFileListPaths = (
				"${PODS_ROOT}/Target Support Files/Pods-Relentless-RelentlessUITests/Pods-Relentless-RelentlessUITests-frameworks-${CONFIGURATION}-output-files.xcfilelist",
			);
			runOnlyForDeploymentPostprocessing = 0;
			shellPath = /bin/sh;
			shellScript = "\"${PODS_ROOT}/Target Support Files/Pods-Relentless-RelentlessUITests/Pods-Relentless-RelentlessUITests-frameworks.sh\"\n";
			showEnvVarsInLog = 0;
		};
		C57B123212B29BE330CEF3A2 /* [CP] Check Pods Manifest.lock */ = {
			isa = PBXShellScriptBuildPhase;
			buildActionMask = 2147483647;
			files = (
			);
			inputFileListPaths = (
			);
			inputPaths = (
				"${PODS_PODFILE_DIR_PATH}/Podfile.lock",
				"${PODS_ROOT}/Manifest.lock",
			);
			name = "[CP] Check Pods Manifest.lock";
			outputFileListPaths = (
			);
			outputPaths = (
				"$(DERIVED_FILE_DIR)/Pods-Relentless-RelentlessUITests-checkManifestLockResult.txt",
			);
			runOnlyForDeploymentPostprocessing = 0;
			shellPath = /bin/sh;
			shellScript = "diff \"${PODS_PODFILE_DIR_PATH}/Podfile.lock\" \"${PODS_ROOT}/Manifest.lock\" > /dev/null\nif [ $? != 0 ] ; then\n    # print error to STDERR\n    echo \"error: The sandbox is not in sync with the Podfile.lock. Run 'pod install' or update your CocoaPods installation.\" >&2\n    exit 1\nfi\n# This output is used by Xcode 'outputs' to avoid re-running this script phase.\necho \"SUCCESS\" > \"${SCRIPT_OUTPUT_FILE_0}\"\n";
			showEnvVarsInLog = 0;
		};
		E128D0428DD181FAC3B5F25D /* [CP] Embed Pods Frameworks */ = {
			isa = PBXShellScriptBuildPhase;
			buildActionMask = 2147483647;
			files = (
			);
			inputFileListPaths = (
				"${PODS_ROOT}/Target Support Files/Pods-Relentless/Pods-Relentless-frameworks-${CONFIGURATION}-input-files.xcfilelist",
			);
			name = "[CP] Embed Pods Frameworks";
			outputFileListPaths = (
				"${PODS_ROOT}/Target Support Files/Pods-Relentless/Pods-Relentless-frameworks-${CONFIGURATION}-output-files.xcfilelist",
			);
			runOnlyForDeploymentPostprocessing = 0;
			shellPath = /bin/sh;
			shellScript = "\"${PODS_ROOT}/Target Support Files/Pods-Relentless/Pods-Relentless-frameworks.sh\"\n";
			showEnvVarsInLog = 0;
		};
		E28346A68D4A81C5D9369CA6 /* [CP] Check Pods Manifest.lock */ = {
			isa = PBXShellScriptBuildPhase;
			buildActionMask = 2147483647;
			files = (
			);
			inputFileListPaths = (
			);
			inputPaths = (
				"${PODS_PODFILE_DIR_PATH}/Podfile.lock",
				"${PODS_ROOT}/Manifest.lock",
			);
			name = "[CP] Check Pods Manifest.lock";
			outputFileListPaths = (
			);
			outputPaths = (
				"$(DERIVED_FILE_DIR)/Pods-Relentless-checkManifestLockResult.txt",
			);
			runOnlyForDeploymentPostprocessing = 0;
			shellPath = /bin/sh;
			shellScript = "diff \"${PODS_PODFILE_DIR_PATH}/Podfile.lock\" \"${PODS_ROOT}/Manifest.lock\" > /dev/null\nif [ $? != 0 ] ; then\n    # print error to STDERR\n    echo \"error: The sandbox is not in sync with the Podfile.lock. Run 'pod install' or update your CocoaPods installation.\" >&2\n    exit 1\nfi\n# This output is used by Xcode 'outputs' to avoid re-running this script phase.\necho \"SUCCESS\" > \"${SCRIPT_OUTPUT_FILE_0}\"\n";
			showEnvVarsInLog = 0;
		};
		F319B32C241B7A78005E3129 /* ShellScript */ = {
			isa = PBXShellScriptBuildPhase;
			buildActionMask = 2147483647;
			files = (
			);
			inputFileListPaths = (
			);
			inputPaths = (
			);
			outputFileListPaths = (
			);
			outputPaths = (
			);
			runOnlyForDeploymentPostprocessing = 0;
			shellPath = /bin/sh;
			shellScript = "if which swiftlint >/dev/null; then\n  swiftlint\nelse\n  echo \"warning: SwiftLint not installed, download from https://github.com/realm/SwiftLint\"\nfi\n";
		};
/* End PBXShellScriptBuildPhase section */

/* Begin PBXSourcesBuildPhase section */
		F3C37BF224189F5200D7109B /* Sources */ = {
			isa = PBXSourcesBuildPhase;
			buildActionMask = 2147483647;
			files = (
				F319B32B241B7A44005E3129 /* Network.swift in Sources */,
				F319B32F241B7D0C005E3129 /* Package.swift in Sources */,
				0B385B77241CCFF000FC2850 /* Item.swift in Sources */,
				0B797156241C8BC5007DD433 /* Order.swift in Sources */,
				0B385B6F241CCACE00FC2850 /* Magazine.swift in Sources */,
				F3C37BFE24189F5200D7109B /* ViewController.swift in Sources */,
				F319B333241B8195005E3129 /* NetworkManager.swift in Sources */,
<<<<<<< HEAD
				0B79715A241C9065007DD433 /* GameManager.swift in Sources */,
=======
				0B79715A241C9065007DD433 /* Game.swift in Sources */,
>>>>>>> master
				0B797154241C89FC007DD433 /* Book.swift in Sources */,
				0B385B83241CDDD800FC2850 /* TitledItem.swift in Sources */,
				F3C37BFA24189F5200D7109B /* AppDelegate.swift in Sources */,
				0B79715E241CADC9007DD433 /* Category.swift in Sources */,
				F319B331241B7D5C005E3129 /* Player.swift in Sources */,
				0B79715C241C92DC007DD433 /* House.swift in Sources */,
				F3C37BFC24189F5200D7109B /* SceneDelegate.swift in Sources */,
			);
			runOnlyForDeploymentPostprocessing = 0;
		};
		F3C37C0824189F5500D7109B /* Sources */ = {
			isa = PBXSourcesBuildPhase;
			buildActionMask = 2147483647;
			files = (
				0B385B85241CE00400FC2850 /* OrderTests.swift in Sources */,
<<<<<<< HEAD
				0B1C9772241DDE210042FB01 /* GameManagerTests.swift in Sources */,
=======
>>>>>>> master
				0B385B6D241CC9DE00FC2850 /* BookTests.swift in Sources */,
				0B385B87241CE22D00FC2850 /* HouseTests.swift in Sources */,
				0B385B81241CDCC300FC2850 /* MagazineTests.swift in Sources */,
				0B385B69241CBCFB00FC2850 /* PackageTests.swift in Sources */,
				F319B335241B8B7D005E3129 /* NetworkTests.swift in Sources */,
				F3C37C1124189F5500D7109B /* RelentlessTests.swift in Sources */,
			);
			runOnlyForDeploymentPostprocessing = 0;
		};
		F3C37C1324189F5500D7109B /* Sources */ = {
			isa = PBXSourcesBuildPhase;
			buildActionMask = 2147483647;
			files = (
				F3C37C1C24189F5500D7109B /* RelentlessUITests.swift in Sources */,
			);
			runOnlyForDeploymentPostprocessing = 0;
		};
/* End PBXSourcesBuildPhase section */

/* Begin PBXTargetDependency section */
		F3C37C0E24189F5500D7109B /* PBXTargetDependency */ = {
			isa = PBXTargetDependency;
			target = F3C37BF524189F5200D7109B /* Relentless */;
			targetProxy = F3C37C0D24189F5500D7109B /* PBXContainerItemProxy */;
		};
		F3C37C1924189F5500D7109B /* PBXTargetDependency */ = {
			isa = PBXTargetDependency;
			target = F3C37BF524189F5200D7109B /* Relentless */;
			targetProxy = F3C37C1824189F5500D7109B /* PBXContainerItemProxy */;
		};
/* End PBXTargetDependency section */

/* Begin PBXVariantGroup section */
		F3C37BFF24189F5200D7109B /* Main.storyboard */ = {
			isa = PBXVariantGroup;
			children = (
				F3C37C0024189F5200D7109B /* Base */,
			);
			name = Main.storyboard;
			sourceTree = "<group>";
		};
		F3C37C0424189F5500D7109B /* LaunchScreen.storyboard */ = {
			isa = PBXVariantGroup;
			children = (
				F3C37C0524189F5500D7109B /* Base */,
			);
			name = LaunchScreen.storyboard;
			sourceTree = "<group>";
		};
/* End PBXVariantGroup section */

/* Begin XCBuildConfiguration section */
		F3C37C1E24189F5500D7109B /* Debug */ = {
			isa = XCBuildConfiguration;
			buildSettings = {
				ALWAYS_SEARCH_USER_PATHS = NO;
				CLANG_ANALYZER_NONNULL = YES;
				CLANG_ANALYZER_NUMBER_OBJECT_CONVERSION = YES_AGGRESSIVE;
				CLANG_CXX_LANGUAGE_STANDARD = "gnu++14";
				CLANG_CXX_LIBRARY = "libc++";
				CLANG_ENABLE_MODULES = YES;
				CLANG_ENABLE_OBJC_ARC = YES;
				CLANG_ENABLE_OBJC_WEAK = YES;
				CLANG_WARN_BLOCK_CAPTURE_AUTORELEASING = YES;
				CLANG_WARN_BOOL_CONVERSION = YES;
				CLANG_WARN_COMMA = YES;
				CLANG_WARN_CONSTANT_CONVERSION = YES;
				CLANG_WARN_DEPRECATED_OBJC_IMPLEMENTATIONS = YES;
				CLANG_WARN_DIRECT_OBJC_ISA_USAGE = YES_ERROR;
				CLANG_WARN_DOCUMENTATION_COMMENTS = YES;
				CLANG_WARN_EMPTY_BODY = YES;
				CLANG_WARN_ENUM_CONVERSION = YES;
				CLANG_WARN_INFINITE_RECURSION = YES;
				CLANG_WARN_INT_CONVERSION = YES;
				CLANG_WARN_NON_LITERAL_NULL_CONVERSION = YES;
				CLANG_WARN_OBJC_IMPLICIT_RETAIN_SELF = YES;
				CLANG_WARN_OBJC_LITERAL_CONVERSION = YES;
				CLANG_WARN_OBJC_ROOT_CLASS = YES_ERROR;
				CLANG_WARN_RANGE_LOOP_ANALYSIS = YES;
				CLANG_WARN_STRICT_PROTOTYPES = YES;
				CLANG_WARN_SUSPICIOUS_MOVE = YES;
				CLANG_WARN_UNGUARDED_AVAILABILITY = YES_AGGRESSIVE;
				CLANG_WARN_UNREACHABLE_CODE = YES;
				CLANG_WARN__DUPLICATE_METHOD_MATCH = YES;
				COPY_PHASE_STRIP = NO;
				DEBUG_INFORMATION_FORMAT = dwarf;
				ENABLE_STRICT_OBJC_MSGSEND = YES;
				ENABLE_TESTABILITY = YES;
				GCC_C_LANGUAGE_STANDARD = gnu11;
				GCC_DYNAMIC_NO_PIC = NO;
				GCC_NO_COMMON_BLOCKS = YES;
				GCC_OPTIMIZATION_LEVEL = 0;
				GCC_PREPROCESSOR_DEFINITIONS = (
					"DEBUG=1",
					"$(inherited)",
				);
				GCC_WARN_64_TO_32_BIT_CONVERSION = YES;
				GCC_WARN_ABOUT_RETURN_TYPE = YES_ERROR;
				GCC_WARN_UNDECLARED_SELECTOR = YES;
				GCC_WARN_UNINITIALIZED_AUTOS = YES_AGGRESSIVE;
				GCC_WARN_UNUSED_FUNCTION = YES;
				GCC_WARN_UNUSED_VARIABLE = YES;
				IPHONEOS_DEPLOYMENT_TARGET = 13.2;
				MTL_ENABLE_DEBUG_INFO = INCLUDE_SOURCE;
				MTL_FAST_MATH = YES;
				ONLY_ACTIVE_ARCH = YES;
				SDKROOT = iphoneos;
				SWIFT_ACTIVE_COMPILATION_CONDITIONS = DEBUG;
				SWIFT_OPTIMIZATION_LEVEL = "-Onone";
			};
			name = Debug;
		};
		F3C37C1F24189F5500D7109B /* Release */ = {
			isa = XCBuildConfiguration;
			buildSettings = {
				ALWAYS_SEARCH_USER_PATHS = NO;
				CLANG_ANALYZER_NONNULL = YES;
				CLANG_ANALYZER_NUMBER_OBJECT_CONVERSION = YES_AGGRESSIVE;
				CLANG_CXX_LANGUAGE_STANDARD = "gnu++14";
				CLANG_CXX_LIBRARY = "libc++";
				CLANG_ENABLE_MODULES = YES;
				CLANG_ENABLE_OBJC_ARC = YES;
				CLANG_ENABLE_OBJC_WEAK = YES;
				CLANG_WARN_BLOCK_CAPTURE_AUTORELEASING = YES;
				CLANG_WARN_BOOL_CONVERSION = YES;
				CLANG_WARN_COMMA = YES;
				CLANG_WARN_CONSTANT_CONVERSION = YES;
				CLANG_WARN_DEPRECATED_OBJC_IMPLEMENTATIONS = YES;
				CLANG_WARN_DIRECT_OBJC_ISA_USAGE = YES_ERROR;
				CLANG_WARN_DOCUMENTATION_COMMENTS = YES;
				CLANG_WARN_EMPTY_BODY = YES;
				CLANG_WARN_ENUM_CONVERSION = YES;
				CLANG_WARN_INFINITE_RECURSION = YES;
				CLANG_WARN_INT_CONVERSION = YES;
				CLANG_WARN_NON_LITERAL_NULL_CONVERSION = YES;
				CLANG_WARN_OBJC_IMPLICIT_RETAIN_SELF = YES;
				CLANG_WARN_OBJC_LITERAL_CONVERSION = YES;
				CLANG_WARN_OBJC_ROOT_CLASS = YES_ERROR;
				CLANG_WARN_RANGE_LOOP_ANALYSIS = YES;
				CLANG_WARN_STRICT_PROTOTYPES = YES;
				CLANG_WARN_SUSPICIOUS_MOVE = YES;
				CLANG_WARN_UNGUARDED_AVAILABILITY = YES_AGGRESSIVE;
				CLANG_WARN_UNREACHABLE_CODE = YES;
				CLANG_WARN__DUPLICATE_METHOD_MATCH = YES;
				COPY_PHASE_STRIP = NO;
				DEBUG_INFORMATION_FORMAT = "dwarf-with-dsym";
				ENABLE_NS_ASSERTIONS = NO;
				ENABLE_STRICT_OBJC_MSGSEND = YES;
				GCC_C_LANGUAGE_STANDARD = gnu11;
				GCC_NO_COMMON_BLOCKS = YES;
				GCC_WARN_64_TO_32_BIT_CONVERSION = YES;
				GCC_WARN_ABOUT_RETURN_TYPE = YES_ERROR;
				GCC_WARN_UNDECLARED_SELECTOR = YES;
				GCC_WARN_UNINITIALIZED_AUTOS = YES_AGGRESSIVE;
				GCC_WARN_UNUSED_FUNCTION = YES;
				GCC_WARN_UNUSED_VARIABLE = YES;
				IPHONEOS_DEPLOYMENT_TARGET = 13.2;
				MTL_ENABLE_DEBUG_INFO = NO;
				MTL_FAST_MATH = YES;
				SDKROOT = iphoneos;
				SWIFT_COMPILATION_MODE = wholemodule;
				SWIFT_OPTIMIZATION_LEVEL = "-O";
				VALIDATE_PRODUCT = YES;
			};
			name = Release;
		};
		F3C37C2124189F5500D7109B /* Debug */ = {
			isa = XCBuildConfiguration;
			baseConfigurationReference = 85ED228C9FDA1C9363B1DEAF /* Pods-Relentless.debug.xcconfig */;
			buildSettings = {
				ASSETCATALOG_COMPILER_APPICON_NAME = AppIcon;
				CODE_SIGN_STYLE = Automatic;
				DEVELOPMENT_TEAM = RVZD4FPJG5;
				INFOPLIST_FILE = Relentless/Info.plist;
				IPHONEOS_DEPLOYMENT_TARGET = 13.0;
				LD_RUNPATH_SEARCH_PATHS = (
					"$(inherited)",
					"@executable_path/Frameworks",
				);
				PRODUCT_BUNDLE_IDENTIFIER = com.ournameis.Relentless;
				PRODUCT_NAME = "$(TARGET_NAME)";
				SWIFT_VERSION = 5.0;
				TARGETED_DEVICE_FAMILY = 1;
			};
			name = Debug;
		};
		F3C37C2224189F5500D7109B /* Release */ = {
			isa = XCBuildConfiguration;
			baseConfigurationReference = E9A5907C96A76629A05770D5 /* Pods-Relentless.release.xcconfig */;
			buildSettings = {
				ASSETCATALOG_COMPILER_APPICON_NAME = AppIcon;
				CODE_SIGN_STYLE = Automatic;
				DEVELOPMENT_TEAM = RVZD4FPJG5;
				INFOPLIST_FILE = Relentless/Info.plist;
				IPHONEOS_DEPLOYMENT_TARGET = 13.0;
				LD_RUNPATH_SEARCH_PATHS = (
					"$(inherited)",
					"@executable_path/Frameworks",
				);
				PRODUCT_BUNDLE_IDENTIFIER = com.ournameis.Relentless;
				PRODUCT_NAME = "$(TARGET_NAME)";
				SWIFT_VERSION = 5.0;
				TARGETED_DEVICE_FAMILY = 1;
			};
			name = Release;
		};
		F3C37C2424189F5500D7109B /* Debug */ = {
			isa = XCBuildConfiguration;
			baseConfigurationReference = 084C0B3AEBB321432A953940 /* Pods-RelentlessTests.debug.xcconfig */;
			buildSettings = {
				ALWAYS_EMBED_SWIFT_STANDARD_LIBRARIES = YES;
				BUNDLE_LOADER = "$(TEST_HOST)";
				CODE_SIGN_STYLE = Automatic;
				DEVELOPMENT_TEAM = RVZD4FPJG5;
				INFOPLIST_FILE = RelentlessTests/Info.plist;
				IPHONEOS_DEPLOYMENT_TARGET = 13.2;
				LD_RUNPATH_SEARCH_PATHS = (
					"$(inherited)",
					"@executable_path/Frameworks",
					"@loader_path/Frameworks",
				);
				PRODUCT_BUNDLE_IDENTIFIER = com.liuzechu.RelentlessTests;
				PRODUCT_NAME = "$(TARGET_NAME)";
				SWIFT_VERSION = 5.0;
				TARGETED_DEVICE_FAMILY = "1,2";
				TEST_HOST = "$(BUILT_PRODUCTS_DIR)/Relentless.app/Relentless";
			};
			name = Debug;
		};
		F3C37C2524189F5500D7109B /* Release */ = {
			isa = XCBuildConfiguration;
			baseConfigurationReference = 5EDEC545134B6D77EA348438 /* Pods-RelentlessTests.release.xcconfig */;
			buildSettings = {
				ALWAYS_EMBED_SWIFT_STANDARD_LIBRARIES = YES;
				BUNDLE_LOADER = "$(TEST_HOST)";
				CODE_SIGN_STYLE = Automatic;
				DEVELOPMENT_TEAM = RVZD4FPJG5;
				INFOPLIST_FILE = RelentlessTests/Info.plist;
				IPHONEOS_DEPLOYMENT_TARGET = 13.2;
				LD_RUNPATH_SEARCH_PATHS = (
					"$(inherited)",
					"@executable_path/Frameworks",
					"@loader_path/Frameworks",
				);
				PRODUCT_BUNDLE_IDENTIFIER = com.liuzechu.RelentlessTests;
				PRODUCT_NAME = "$(TARGET_NAME)";
				SWIFT_VERSION = 5.0;
				TARGETED_DEVICE_FAMILY = "1,2";
				TEST_HOST = "$(BUILT_PRODUCTS_DIR)/Relentless.app/Relentless";
			};
			name = Release;
		};
		F3C37C2724189F5500D7109B /* Debug */ = {
			isa = XCBuildConfiguration;
			baseConfigurationReference = C439830683AC6A1B549FABBB /* Pods-Relentless-RelentlessUITests.debug.xcconfig */;
			buildSettings = {
				ALWAYS_EMBED_SWIFT_STANDARD_LIBRARIES = YES;
				CODE_SIGN_STYLE = Automatic;
				DEVELOPMENT_TEAM = RVZD4FPJG5;
				INFOPLIST_FILE = RelentlessUITests/Info.plist;
				LD_RUNPATH_SEARCH_PATHS = (
					"$(inherited)",
					"@executable_path/Frameworks",
					"@loader_path/Frameworks",
				);
				PRODUCT_BUNDLE_IDENTIFIER = com.liuzechu.RelentlessUITests;
				PRODUCT_NAME = "$(TARGET_NAME)";
				SWIFT_VERSION = 5.0;
				TARGETED_DEVICE_FAMILY = "1,2";
				TEST_TARGET_NAME = Relentless;
			};
			name = Debug;
		};
		F3C37C2824189F5500D7109B /* Release */ = {
			isa = XCBuildConfiguration;
			baseConfigurationReference = 0F0E3076A12799C79C747669 /* Pods-Relentless-RelentlessUITests.release.xcconfig */;
			buildSettings = {
				ALWAYS_EMBED_SWIFT_STANDARD_LIBRARIES = YES;
				CODE_SIGN_STYLE = Automatic;
				DEVELOPMENT_TEAM = RVZD4FPJG5;
				INFOPLIST_FILE = RelentlessUITests/Info.plist;
				LD_RUNPATH_SEARCH_PATHS = (
					"$(inherited)",
					"@executable_path/Frameworks",
					"@loader_path/Frameworks",
				);
				PRODUCT_BUNDLE_IDENTIFIER = com.liuzechu.RelentlessUITests;
				PRODUCT_NAME = "$(TARGET_NAME)";
				SWIFT_VERSION = 5.0;
				TARGETED_DEVICE_FAMILY = "1,2";
				TEST_TARGET_NAME = Relentless;
			};
			name = Release;
		};
/* End XCBuildConfiguration section */

/* Begin XCConfigurationList section */
		F3C37BF124189F5200D7109B /* Build configuration list for PBXProject "Relentless" */ = {
			isa = XCConfigurationList;
			buildConfigurations = (
				F3C37C1E24189F5500D7109B /* Debug */,
				F3C37C1F24189F5500D7109B /* Release */,
			);
			defaultConfigurationIsVisible = 0;
			defaultConfigurationName = Release;
		};
		F3C37C2024189F5500D7109B /* Build configuration list for PBXNativeTarget "Relentless" */ = {
			isa = XCConfigurationList;
			buildConfigurations = (
				F3C37C2124189F5500D7109B /* Debug */,
				F3C37C2224189F5500D7109B /* Release */,
			);
			defaultConfigurationIsVisible = 0;
			defaultConfigurationName = Release;
		};
		F3C37C2324189F5500D7109B /* Build configuration list for PBXNativeTarget "RelentlessTests" */ = {
			isa = XCConfigurationList;
			buildConfigurations = (
				F3C37C2424189F5500D7109B /* Debug */,
				F3C37C2524189F5500D7109B /* Release */,
			);
			defaultConfigurationIsVisible = 0;
			defaultConfigurationName = Release;
		};
		F3C37C2624189F5500D7109B /* Build configuration list for PBXNativeTarget "RelentlessUITests" */ = {
			isa = XCConfigurationList;
			buildConfigurations = (
				F3C37C2724189F5500D7109B /* Debug */,
				F3C37C2824189F5500D7109B /* Release */,
			);
			defaultConfigurationIsVisible = 0;
			defaultConfigurationName = Release;
		};
/* End XCConfigurationList section */
	};
	rootObject = F3C37BEE24189F5200D7109B /* Project object */;
}
